<?xml version="1.0" encoding="utf-8"?>
<Project ToolsVersion="4.0" xmlns="http://schemas.microsoft.com/developer/msbuild/2003">
  <ItemGroup>
    <Filter Include="Source">
      <UniqueIdentifier>{cec755a0-2b22-4fb1-9d89-ecb7d4b8c261}</UniqueIdentifier>
    </Filter>
    <Filter Include="Precompiled Headers">
      <UniqueIdentifier>{71cbaf5b-aa93-4532-867d-5aa88e2e064a}</UniqueIdentifier>
    </Filter>
    <Filter Include="Headers">
      <UniqueIdentifier>{832e3682-0a3b-4de4-9a1e-a30dc93b4213}</UniqueIdentifier>
    </Filter>
  </ItemGroup>
  <ItemGroup>
    <ClCompile Include="src\main.cpp">
      <Filter>Source</Filter>
    </ClCompile>
    <ClCompile Include="src\stdafx.cpp">
      <Filter>Precompiled Headers</Filter>
    </ClCompile>
    <ClCompile Include="src\windowsUI.cpp">
      <Filter>Source</Filter>
    </ClCompile>
    <ClCompile Include="src\logger.cpp">
      <Filter>Source</Filter>
    </ClCompile>
    <ClCompile Include="src\d3dIFace.cpp">
      <Filter>Source</Filter>
    </ClCompile>
  </ItemGroup>
  <ItemGroup>
    <ClInclude Include="src\stdafx.h">
      <Filter>Precompiled Headers</Filter>
    </ClInclude>
    <ClInclude Include="src\windowsUI.h">
      <Filter>Headers</Filter>
    </ClInclude>
    <ClInclude Include="src\logger.h">
      <Filter>Headers</Filter>
    </ClInclude>
    <ClInclude Include="src\d3dIFace.h">
      <Filter>Headers</Filter>
    </ClInclude>
  </ItemGroup>
</Project>